// !$*UTF8*$!
{
	archiveVersion = 1;
	classes = {
	};
	objectVersion = 50;
	objects = {

/* Begin PBXBuildFile section */
		3D6038C6468F98C716BF76AA /* Pods_ikasFit.framework in Frameworks */ = {isa = PBXBuildFile; fileRef = 3A342A19609AFBDBD4AF27F0 /* Pods_ikasFit.framework */; };
		AE9F9FDB21EF8C6200597966 /* GoogleService-Info.plist in Resources */ = {isa = PBXBuildFile; fileRef = AE9F9FDA21EF8C6200597966 /* GoogleService-Info.plist */; };
		AE9F9FDD21EFB22500597966 /* TablasTableViewController.swift in Sources */ = {isa = PBXBuildFile; fileRef = AE9F9FDC21EFB22500597966 /* TablasTableViewController.swift */; };
		AEB19D2921EE2E3000BE03FA /* AppDelegate.swift in Sources */ = {isa = PBXBuildFile; fileRef = AEB19D2821EE2E3000BE03FA /* AppDelegate.swift */; };
		AEB19D2B21EE2E3000BE03FA /* ViewController.swift in Sources */ = {isa = PBXBuildFile; fileRef = AEB19D2A21EE2E3000BE03FA /* ViewController.swift */; };
		AEB19D2E21EE2E3000BE03FA /* Main.storyboard in Resources */ = {isa = PBXBuildFile; fileRef = AEB19D2C21EE2E3000BE03FA /* Main.storyboard */; };
		AEB19D3021EE2E3600BE03FA /* Assets.xcassets in Resources */ = {isa = PBXBuildFile; fileRef = AEB19D2F21EE2E3600BE03FA /* Assets.xcassets */; };
		AEB19D3321EE2E3600BE03FA /* LaunchScreen.storyboard in Resources */ = {isa = PBXBuildFile; fileRef = AEB19D3121EE2E3600BE03FA /* LaunchScreen.storyboard */; };
		AEB19D3F21EE588500BE03FA /* HealthKit.framework in Frameworks */ = {isa = PBXBuildFile; fileRef = AEB19D3E21EE588500BE03FA /* HealthKit.framework */; };
		AEFF866321F0893C00998193 /* ListaDePasos.swift in Sources */ = {isa = PBXBuildFile; fileRef = AEFF866221F0893C00998193 /* ListaDePasos.swift */; };
/* End PBXBuildFile section */

/* Begin PBXFileReference section */
		3A342A19609AFBDBD4AF27F0 /* Pods_ikasFit.framework */ = {isa = PBXFileReference; explicitFileType = wrapper.framework; includeInIndex = 0; path = Pods_ikasFit.framework; sourceTree = BUILT_PRODUCTS_DIR; };
		9AABA81EC540F467B2D12F43 /* Pods-ikasFit.debug.xcconfig */ = {isa = PBXFileReference; includeInIndex = 1; lastKnownFileType = text.xcconfig; name = "Pods-ikasFit.debug.xcconfig"; path = "Pods/Target Support Files/Pods-ikasFit/Pods-ikasFit.debug.xcconfig"; sourceTree = "<group>"; };
		AE9F9FDA21EF8C6200597966 /* GoogleService-Info.plist */ = {isa = PBXFileReference; fileEncoding = 4; lastKnownFileType = text.plist.xml; path = "GoogleService-Info.plist"; sourceTree = "<group>"; };
		AE9F9FDC21EFB22500597966 /* TablasTableViewController.swift */ = {isa = PBXFileReference; lastKnownFileType = sourcecode.swift; path = TablasTableViewController.swift; sourceTree = "<group>"; };
		AEB19D2521EE2E3000BE03FA /* ikasFit.app */ = {isa = PBXFileReference; explicitFileType = wrapper.application; includeInIndex = 0; path = ikasFit.app; sourceTree = BUILT_PRODUCTS_DIR; };
		AEB19D2821EE2E3000BE03FA /* AppDelegate.swift */ = {isa = PBXFileReference; lastKnownFileType = sourcecode.swift; path = AppDelegate.swift; sourceTree = "<group>"; };
		AEB19D2A21EE2E3000BE03FA /* ViewController.swift */ = {isa = PBXFileReference; lastKnownFileType = sourcecode.swift; path = ViewController.swift; sourceTree = "<group>"; };
		AEB19D2D21EE2E3000BE03FA /* Base */ = {isa = PBXFileReference; lastKnownFileType = file.storyboard; name = Base; path = Base.lproj/Main.storyboard; sourceTree = "<group>"; };
		AEB19D2F21EE2E3600BE03FA /* Assets.xcassets */ = {isa = PBXFileReference; lastKnownFileType = folder.assetcatalog; path = Assets.xcassets; sourceTree = "<group>"; };
		AEB19D3221EE2E3600BE03FA /* Base */ = {isa = PBXFileReference; lastKnownFileType = file.storyboard; name = Base; path = Base.lproj/LaunchScreen.storyboard; sourceTree = "<group>"; };
		AEB19D3421EE2E3600BE03FA /* Info.plist */ = {isa = PBXFileReference; lastKnownFileType = text.plist.xml; path = Info.plist; sourceTree = "<group>"; };
		AEB19D3A21EE44FB00BE03FA /* ikasFit.entitlements */ = {isa = PBXFileReference; lastKnownFileType = text.plist.entitlements; path = ikasFit.entitlements; sourceTree = "<group>"; };
		AEB19D3E21EE588500BE03FA /* HealthKit.framework */ = {isa = PBXFileReference; lastKnownFileType = wrapper.framework; name = HealthKit.framework; path = System/Library/Frameworks/HealthKit.framework; sourceTree = SDKROOT; };
		AEFF866221F0893C00998193 /* ListaDePasos.swift */ = {isa = PBXFileReference; lastKnownFileType = sourcecode.swift; path = ListaDePasos.swift; sourceTree = "<group>"; };
		F239554E3F1929BDCE5A65C9 /* Pods-ikasFit.release.xcconfig */ = {isa = PBXFileReference; includeInIndex = 1; lastKnownFileType = text.xcconfig; name = "Pods-ikasFit.release.xcconfig"; path = "Pods/Target Support Files/Pods-ikasFit/Pods-ikasFit.release.xcconfig"; sourceTree = "<group>"; };
/* End PBXFileReference section */

/* Begin PBXFrameworksBuildPhase section */
		AEB19D2221EE2E3000BE03FA /* Frameworks */ = {
			isa = PBXFrameworksBuildPhase;
			buildActionMask = 2147483647;
			files = (
				AEB19D3F21EE588500BE03FA /* HealthKit.framework in Frameworks */,
				3D6038C6468F98C716BF76AA /* Pods_ikasFit.framework in Frameworks */,
			);
			runOnlyForDeploymentPostprocessing = 0;
		};
/* End PBXFrameworksBuildPhase section */

/* Begin PBXGroup section */
		42397E22BED3904FC186412D /* Pods */ = {
			isa = PBXGroup;
			children = (
				9AABA81EC540F467B2D12F43 /* Pods-ikasFit.debug.xcconfig */,
				F239554E3F1929BDCE5A65C9 /* Pods-ikasFit.release.xcconfig */,
			);
			name = Pods;
			sourceTree = "<group>";
		};
		AEB19D1C21EE2E3000BE03FA = {
			isa = PBXGroup;
			children = (
				AEB19D2721EE2E3000BE03FA /* ikasFit */,
				AEB19D2621EE2E3000BE03FA /* Products */,
				AEB19D3B21EE44FD00BE03FA /* Frameworks */,
				42397E22BED3904FC186412D /* Pods */,
			);
			sourceTree = "<group>";
		};
		AEB19D2621EE2E3000BE03FA /* Products */ = {
			isa = PBXGroup;
			children = (
				AEB19D2521EE2E3000BE03FA /* ikasFit.app */,
			);
			name = Products;
			sourceTree = "<group>";
		};
		AEB19D2721EE2E3000BE03FA /* ikasFit */ = {
			isa = PBXGroup;
			children = (
				AEB19D3A21EE44FB00BE03FA /* ikasFit.entitlements */,
				AEB19D2821EE2E3000BE03FA /* AppDelegate.swift */,
				AEB19D2A21EE2E3000BE03FA /* ViewController.swift */,
				AE9F9FDC21EFB22500597966 /* TablasTableViewController.swift */,
				AEFF866221F0893C00998193 /* ListaDePasos.swift */,
				AEB19D2C21EE2E3000BE03FA /* Main.storyboard */,
				AEB19D2F21EE2E3600BE03FA /* Assets.xcassets */,
				AEB19D3121EE2E3600BE03FA /* LaunchScreen.storyboard */,
				AE9F9FDA21EF8C6200597966 /* GoogleService-Info.plist */,
				AEB19D3421EE2E3600BE03FA /* Info.plist */,
			);
			path = ikasFit;
			sourceTree = "<group>";
		};
		AEB19D3B21EE44FD00BE03FA /* Frameworks */ = {
			isa = PBXGroup;
			children = (
				AEB19D3E21EE588500BE03FA /* HealthKit.framework */,
				3A342A19609AFBDBD4AF27F0 /* Pods_ikasFit.framework */,
			);
			name = Frameworks;
			sourceTree = "<group>";
		};
/* End PBXGroup section */

/* Begin PBXNativeTarget section */
		AEB19D2421EE2E3000BE03FA /* ikasFit */ = {
			isa = PBXNativeTarget;
			buildConfigurationList = AEB19D3721EE2E3600BE03FA /* Build configuration list for PBXNativeTarget "ikasFit" */;
			buildPhases = (
				1470681B3287277E99FEEEEA /* [CP] Check Pods Manifest.lock */,
				AEB19D2121EE2E3000BE03FA /* Sources */,
				AEB19D2221EE2E3000BE03FA /* Frameworks */,
				AEB19D2321EE2E3000BE03FA /* Resources */,
				E1F47DB6FC0FF8C06A34C76D /* [CP] Embed Pods Frameworks */,
			);
			buildRules = (
			);
			dependencies = (
			);
			name = ikasFit;
			productName = ikasFit;
			productReference = AEB19D2521EE2E3000BE03FA /* ikasFit.app */;
			productType = "com.apple.product-type.application";
		};
/* End PBXNativeTarget section */

/* Begin PBXProject section */
		AEB19D1D21EE2E3000BE03FA /* Project object */ = {
			isa = PBXProject;
			attributes = {
				LastSwiftUpdateCheck = 1010;
				LastUpgradeCheck = 1010;
				ORGANIZATIONNAME = "Carlos Hernández";
				TargetAttributes = {
					AEB19D2421EE2E3000BE03FA = {
						CreatedOnToolsVersion = 10.1;
						SystemCapabilities = {
							com.apple.HealthKit = {
								enabled = 1;
							};
						};
					};
				};
			};
			buildConfigurationList = AEB19D2021EE2E3000BE03FA /* Build configuration list for PBXProject "ikasFit" */;
			compatibilityVersion = "Xcode 9.3";
			developmentRegion = en;
			hasScannedForEncodings = 0;
			knownRegions = (
				en,
				Base,
			);
			mainGroup = AEB19D1C21EE2E3000BE03FA;
			productRefGroup = AEB19D2621EE2E3000BE03FA /* Products */;
			projectDirPath = "";
			projectRoot = "";
			targets = (
				AEB19D2421EE2E3000BE03FA /* ikasFit */,
			);
		};
/* End PBXProject section */

/* Begin PBXResourcesBuildPhase section */
		AEB19D2321EE2E3000BE03FA /* Resources */ = {
			isa = PBXResourcesBuildPhase;
			buildActionMask = 2147483647;
			files = (
				AEB19D3321EE2E3600BE03FA /* LaunchScreen.storyboard in Resources */,
				AE9F9FDB21EF8C6200597966 /* GoogleService-Info.plist in Resources */,
				AEB19D3021EE2E3600BE03FA /* Assets.xcassets in Resources */,
				AEB19D2E21EE2E3000BE03FA /* Main.storyboard in Resources */,
			);
			runOnlyForDeploymentPostprocessing = 0;
		};
/* End PBXResourcesBuildPhase section */

/* Begin PBXShellScriptBuildPhase section */
		1470681B3287277E99FEEEEA /* [CP] Check Pods Manifest.lock */ = {
			isa = PBXShellScriptBuildPhase;
			buildActionMask = 2147483647;
			files = (
			);
			inputFileListPaths = (
			);
			inputPaths = (
				"${PODS_PODFILE_DIR_PATH}/Podfile.lock",
				"${PODS_ROOT}/Manifest.lock",
			);
			name = "[CP] Check Pods Manifest.lock";
			outputFileListPaths = (
			);
			outputPaths = (
				"$(DERIVED_FILE_DIR)/Pods-ikasFit-checkManifestLockResult.txt",
			);
			runOnlyForDeploymentPostprocessing = 0;
			shellPath = /bin/sh;
			shellScript = "diff \"${PODS_PODFILE_DIR_PATH}/Podfile.lock\" \"${PODS_ROOT}/Manifest.lock\" > /dev/null\nif [ $? != 0 ] ; then\n    # print error to STDERR\n    echo \"error: The sandbox is not in sync with the Podfile.lock. Run 'pod install' or update your CocoaPods installation.\" >&2\n    exit 1\nfi\n# This output is used by Xcode 'outputs' to avoid re-running this script phase.\necho \"SUCCESS\" > \"${SCRIPT_OUTPUT_FILE_0}\"\n";
			showEnvVarsInLog = 0;
		};
		E1F47DB6FC0FF8C06A34C76D /* [CP] Embed Pods Frameworks */ = {
			isa = PBXShellScriptBuildPhase;
			buildActionMask = 2147483647;
			files = (
			);
			inputFileListPaths = (
			);
			inputPaths = (
				"${SRCROOT}/Pods/Target Support Files/Pods-ikasFit/Pods-ikasFit-frameworks.sh",
				"${BUILT_PRODUCTS_DIR}/BoringSSL/openssl.framework",
				"${BUILT_PRODUCTS_DIR}/GTMSessionFetcher/GTMSessionFetcher.framework",
				"${BUILT_PRODUCTS_DIR}/GoogleToolboxForMac/GoogleToolboxForMac.framework",
				"${BUILT_PRODUCTS_DIR}/Protobuf/Protobuf.framework",
				"${BUILT_PRODUCTS_DIR}/gRPC/GRPCClient.framework",
				"${BUILT_PRODUCTS_DIR}/gRPC-Core/grpc.framework",
				"${BUILT_PRODUCTS_DIR}/gRPC-ProtoRPC/ProtoRPC.framework",
				"${BUILT_PRODUCTS_DIR}/gRPC-RxLibrary/RxLibrary.framework",
				"${BUILT_PRODUCTS_DIR}/leveldb-library/leveldb.framework",
				"${BUILT_PRODUCTS_DIR}/nanopb/nanopb.framework",
			);
			name = "[CP] Embed Pods Frameworks";
			outputFileListPaths = (
			);
			outputPaths = (
				"${TARGET_BUILD_DIR}/${FRAMEWORKS_FOLDER_PATH}/openssl.framework",
				"${TARGET_BUILD_DIR}/${FRAMEWORKS_FOLDER_PATH}/GTMSessionFetcher.framework",
				"${TARGET_BUILD_DIR}/${FRAMEWORKS_FOLDER_PATH}/GoogleToolboxForMac.framework",
				"${TARGET_BUILD_DIR}/${FRAMEWORKS_FOLDER_PATH}/Protobuf.framework",
				"${TARGET_BUILD_DIR}/${FRAMEWORKS_FOLDER_PATH}/GRPCClient.framework",
				"${TARGET_BUILD_DIR}/${FRAMEWORKS_FOLDER_PATH}/grpc.framework",
				"${TARGET_BUILD_DIR}/${FRAMEWORKS_FOLDER_PATH}/ProtoRPC.framework",
				"${TARGET_BUILD_DIR}/${FRAMEWORKS_FOLDER_PATH}/RxLibrary.framework",
				"${TARGET_BUILD_DIR}/${FRAMEWORKS_FOLDER_PATH}/leveldb.framework",
				"${TARGET_BUILD_DIR}/${FRAMEWORKS_FOLDER_PATH}/nanopb.framework",
			);
			runOnlyForDeploymentPostprocessing = 0;
			shellPath = /bin/sh;
			shellScript = "\"${SRCROOT}/Pods/Target Support Files/Pods-ikasFit/Pods-ikasFit-frameworks.sh\"\n";
			showEnvVarsInLog = 0;
		};
/* End PBXShellScriptBuildPhase section */

/* Begin PBXSourcesBuildPhase section */
		AEB19D2121EE2E3000BE03FA /* Sources */ = {
			isa = PBXSourcesBuildPhase;
			buildActionMask = 2147483647;
			files = (
				AEB19D2B21EE2E3000BE03FA /* ViewController.swift in Sources */,
				AEFF866321F0893C00998193 /* ListaDePasos.swift in Sources */,
				AEB19D2921EE2E3000BE03FA /* AppDelegate.swift in Sources */,
				AE9F9FDD21EFB22500597966 /* TablasTableViewController.swift in Sources */,
			);
			runOnlyForDeploymentPostprocessing = 0;
		};
/* End PBXSourcesBuildPhase section */

/* Begin PBXVariantGroup section */
		AEB19D2C21EE2E3000BE03FA /* Main.storyboard */ = {
			isa = PBXVariantGroup;
			children = (
				AEB19D2D21EE2E3000BE03FA /* Base */,
			);
			name = Main.storyboard;
			sourceTree = "<group>";
		};
		AEB19D3121EE2E3600BE03FA /* LaunchScreen.storyboard */ = {
			isa = PBXVariantGroup;
			children = (
				AEB19D3221EE2E3600BE03FA /* Base */,
			);
			name = LaunchScreen.storyboard;
			sourceTree = "<group>";
		};
/* End PBXVariantGroup section */

/* Begin XCBuildConfiguration section */
		AEB19D3521EE2E3600BE03FA /* Debug */ = {
			isa = XCBuildConfiguration;
			buildSettings = {
				ALWAYS_SEARCH_USER_PATHS = NO;
				CLANG_ANALYZER_NONNULL = YES;
				CLANG_ANALYZER_NUMBER_OBJECT_CONVERSION = YES_AGGRESSIVE;
				CLANG_CXX_LANGUAGE_STANDARD = "gnu++14";
				CLANG_CXX_LIBRARY = "libc++";
				CLANG_ENABLE_MODULES = YES;
				CLANG_ENABLE_OBJC_ARC = YES;
				CLANG_ENABLE_OBJC_WEAK = YES;
				CLANG_WARN_BLOCK_CAPTURE_AUTORELEASING = YES;
				CLANG_WARN_BOOL_CONVERSION = YES;
				CLANG_WARN_COMMA = YES;
				CLANG_WARN_CONSTANT_CONVERSION = YES;
				CLANG_WARN_DEPRECATED_OBJC_IMPLEMENTATIONS = YES;
				CLANG_WARN_DIRECT_OBJC_ISA_USAGE = YES_ERROR;
				CLANG_WARN_DOCUMENTATION_COMMENTS = YES;
				CLANG_WARN_EMPTY_BODY = YES;
				CLANG_WARN_ENUM_CONVERSION = YES;
				CLANG_WARN_INFINITE_RECURSION = YES;
				CLANG_WARN_INT_CONVERSION = YES;
				CLANG_WARN_NON_LITERAL_NULL_CONVERSION = YES;
				CLANG_WARN_OBJC_IMPLICIT_RETAIN_SELF = YES;
				CLANG_WARN_OBJC_LITERAL_CONVERSION = YES;
				CLANG_WARN_OBJC_ROOT_CLASS = YES_ERROR;
				CLANG_WARN_RANGE_LOOP_ANALYSIS = YES;
				CLANG_WARN_STRICT_PROTOTYPES = YES;
				CLANG_WARN_SUSPICIOUS_MOVE = YES;
				CLANG_WARN_UNGUARDED_AVAILABILITY = YES_AGGRESSIVE;
				CLANG_WARN_UNREACHABLE_CODE = YES;
				CLANG_WARN__DUPLICATE_METHOD_MATCH = YES;
				CODE_SIGN_IDENTITY = "iPhone Developer";
				COPY_PHASE_STRIP = NO;
				DEBUG_INFORMATION_FORMAT = dwarf;
				ENABLE_STRICT_OBJC_MSGSEND = YES;
				ENABLE_TESTABILITY = YES;
				GCC_C_LANGUAGE_STANDARD = gnu11;
				GCC_DYNAMIC_NO_PIC = NO;
				GCC_NO_COMMON_BLOCKS = YES;
				GCC_OPTIMIZATION_LEVEL = 0;
				GCC_PREPROCESSOR_DEFINITIONS = (
					"DEBUG=1",
					"$(inherited)",
				);
				GCC_WARN_64_TO_32_BIT_CONVERSION = YES;
				GCC_WARN_ABOUT_RETURN_TYPE = YES_ERROR;
				GCC_WARN_UNDECLARED_SELECTOR = YES;
				GCC_WARN_UNINITIALIZED_AUTOS = YES_AGGRESSIVE;
				GCC_WARN_UNUSED_FUNCTION = YES;
				GCC_WARN_UNUSED_VARIABLE = YES;
				IPHONEOS_DEPLOYMENT_TARGET = 12.1;
				MTL_ENABLE_DEBUG_INFO = INCLUDE_SOURCE;
				MTL_FAST_MATH = YES;
				ONLY_ACTIVE_ARCH = YES;
				SDKROOT = iphoneos;
				SWIFT_ACTIVE_COMPILATION_CONDITIONS = DEBUG;
				SWIFT_OPTIMIZATION_LEVEL = "-Onone";
			};
			name = Debug;
		};
		AEB19D3621EE2E3600BE03FA /* Release */ = {
			isa = XCBuildConfiguration;
			buildSettings = {
				ALWAYS_SEARCH_USER_PATHS = NO;
				CLANG_ANALYZER_NONNULL = YES;
				CLANG_ANALYZER_NUMBER_OBJECT_CONVERSION = YES_AGGRESSIVE;
				CLANG_CXX_LANGUAGE_STANDARD = "gnu++14";
				CLANG_CXX_LIBRARY = "libc++";
				CLANG_ENABLE_MODULES = YES;
				CLANG_ENABLE_OBJC_ARC = YES;
				CLANG_ENABLE_OBJC_WEAK = YES;
				CLANG_WARN_BLOCK_CAPTURE_AUTORELEASING = YES;
				CLANG_WARN_BOOL_CONVERSION = YES;
				CLANG_WARN_COMMA = YES;
				CLANG_WARN_CONSTANT_CONVERSION = YES;
				CLANG_WARN_DEPRECATED_OBJC_IMPLEMENTATIONS = YES;
				CLANG_WARN_DIRECT_OBJC_ISA_USAGE = YES_ERROR;
				CLANG_WARN_DOCUMENTATION_COMMENTS = YES;
				CLANG_WARN_EMPTY_BODY = YES;
				CLANG_WARN_ENUM_CONVERSION = YES;
				CLANG_WARN_INFINITE_RECURSION = YES;
				CLANG_WARN_INT_CONVERSION = YES;
				CLANG_WARN_NON_LITERAL_NULL_CONVERSION = YES;
				CLANG_WARN_OBJC_IMPLICIT_RETAIN_SELF = YES;
				CLANG_WARN_OBJC_LITERAL_CONVERSION = YES;
				CLANG_WARN_OBJC_ROOT_CLASS = YES_ERROR;
				CLANG_WARN_RANGE_LOOP_ANALYSIS = YES;
				CLANG_WARN_STRICT_PROTOTYPES = YES;
				CLANG_WARN_SUSPICIOUS_MOVE = YES;
				CLANG_WARN_UNGUARDED_AVAILABILITY = YES_AGGRESSIVE;
				CLANG_WARN_UNREACHABLE_CODE = YES;
				CLANG_WARN__DUPLICATE_METHOD_MATCH = YES;
				CODE_SIGN_IDENTITY = "iPhone Developer";
				COPY_PHASE_STRIP = NO;
				DEBUG_INFORMATION_FORMAT = "dwarf-with-dsym";
				ENABLE_NS_ASSERTIONS = NO;
				ENABLE_STRICT_OBJC_MSGSEND = YES;
				GCC_C_LANGUAGE_STANDARD = gnu11;
				GCC_NO_COMMON_BLOCKS = YES;
				GCC_WARN_64_TO_32_BIT_CONVERSION = YES;
				GCC_WARN_ABOUT_RETURN_TYPE = YES_ERROR;
				GCC_WARN_UNDECLARED_SELECTOR = YES;
				GCC_WARN_UNINITIALIZED_AUTOS = YES_AGGRESSIVE;
				GCC_WARN_UNUSED_FUNCTION = YES;
				GCC_WARN_UNUSED_VARIABLE = YES;
				IPHONEOS_DEPLOYMENT_TARGET = 12.1;
				MTL_ENABLE_DEBUG_INFO = NO;
				MTL_FAST_MATH = YES;
				SDKROOT = iphoneos;
				SWIFT_COMPILATION_MODE = wholemodule;
				SWIFT_OPTIMIZATION_LEVEL = "-O";
				VALIDATE_PRODUCT = YES;
			};
			name = Release;
		};
		AEB19D3821EE2E3600BE03FA /* Debug */ = {
			isa = XCBuildConfiguration;
			baseConfigurationReference = 9AABA81EC540F467B2D12F43 /* Pods-ikasFit.debug.xcconfig */;
			buildSettings = {
				ASSETCATALOG_COMPILER_APPICON_NAME = AppIcon;
				CODE_SIGN_ENTITLEMENTS = ikasFit/ikasFit.entitlements;
				CODE_SIGN_STYLE = Automatic;
				DEVELOPMENT_TEAM = 2GU265WE5K;
				INFOPLIST_FILE = ikasFit/Info.plist;
				IPHONEOS_DEPLOYMENT_TARGET = 11.0;
				LD_RUNPATH_SEARCH_PATHS = (
					"$(inherited)",
					"@executable_path/Frameworks",
				);
				PRODUCT_BUNDLE_IDENTIFIER = com.carloshernandezcascajares.ikasFit;
				PRODUCT_NAME = "$(TARGET_NAME)";
				SWIFT_VERSION = 4.2;
				TARGETED_DEVICE_FAMILY = "1,2";
			};
			name = Debug;
		};
		AEB19D3921EE2E3600BE03FA /* Release */ = {
			isa = XCBuildConfiguration;
			baseConfigurationReference = F239554E3F1929BDCE5A65C9 /* Pods-ikasFit.release.xcconfig */;
			buildSettings = {
				ASSETCATALOG_COMPILER_APPICON_NAME = AppIcon;
				CODE_SIGN_ENTITLEMENTS = ikasFit/ikasFit.entitlements;
				CODE_SIGN_STYLE = Automatic;
				DEVELOPMENT_TEAM = 2GU265WE5K;
				INFOPLIST_FILE = ikasFit/Info.plist;
				IPHONEOS_DEPLOYMENT_TARGET = 11.0;
				LD_RUNPATH_SEARCH_PATHS = (
					"$(inherited)",
					"@executable_path/Frameworks",
				);
				PRODUCT_BUNDLE_IDENTIFIER = com.carloshernandezcascajares.ikasFit;
				PRODUCT_NAME = "$(TARGET_NAME)";
				SWIFT_VERSION = 4.2;
				TARGETED_DEVICE_FAMILY = "1,2";
			};
			name = Release;
		};
/* End XCBuildConfiguration section */

/* Begin XCConfigurationList section */
		AEB19D2021EE2E3000BE03FA /* Build configuration list for PBXProject "ikasFit" */ = {
			isa = XCConfigurationList;
			buildConfigurations = (
				AEB19D3521EE2E3600BE03FA /* Debug */,
				AEB19D3621EE2E3600BE03FA /* Release */,
			);
			defaultConfigurationIsVisible = 0;
			defaultConfigurationName = Release;
		};
		AEB19D3721EE2E3600BE03FA /* Build configuration list for PBXNativeTarget "ikasFit" */ = {
			isa = XCConfigurationList;
			buildConfigurations = (
				AEB19D3821EE2E3600BE03FA /* Debug */,
				AEB19D3921EE2E3600BE03FA /* Release */,
			);
			defaultConfigurationIsVisible = 0;
			defaultConfigurationName = Release;
		};
/* End XCConfigurationList section */
	};
	rootObject = AEB19D1D21EE2E3000BE03FA /* Project object */;
}
